
Microsoft Visual Studio Solution File, Format Version 12.00
# Visual Studio Version 16
VisualStudioVersion = 16.0.33801.447
MinimumVisualStudioVersion = 10.0.40219.1
Project("{FAE04EC0-301F-11D3-BF4B-00C04F79EFBC}") = "OREchecking", "OREchecking.csproj", "{964ED18D-DDF1-4E51-9CF5-D2F2A4B36FE3}"
EndProject
Global
	GlobalSection(SolutionConfigurationPlatforms) = preSolution
		Debug|Any CPU = Debug|Any CPU
		Release|Any CPU = Release|Any CPU
	EndGlobalSection
	GlobalSection(ProjectConfigurationPlatforms) = postSolution
		{964ED18D-DDF1-4E51-9CF5-D2F2A4B36FE3}.Debug|Any CPU.ActiveCfg = Debug|Any CPU
		{964ED18D-DDF1-4E51-9CF5-D2F2A4B36FE3}.Debug|Any CPU.Build.0 = Debug|Any CPU
		{964ED18D-DDF1-4E51-9CF5-D2F2A4B36FE3}.Release|Any CPU.ActiveCfg = Release|Any CPU
		{964ED18D-DDF1-4E51-9CF5-D2F2A4B36FE3}.Release|Any CPU.Build.0 = Release|Any CPU
	EndGlobalSection
	GlobalSection(SolutionProperties) = preSolution
		HideSolutionNode = FALSE
	EndGlobalSection
	GlobalSection(ExtensibilityGlobals) = postSolution
		SolutionGuid = {FB9A97E6-C789-412F-A9E8-053021BE53B3}
	EndGlobalSection
EndGlobal
